
Microsoft Visual Studio Solution File, Format Version 12.00
# Visual Studio 15
VisualStudioVersion = 15.0.28307.1169
MinimumVisualStudioVersion = 10.0.40219.1
Project("{2150E333-8FDC-42A3-9474-1A3956D46DE8}") = "Core", "Core", "{B111E9AE-AF93-4053-9616-1525DF1333EE}"
EndProject
Project("{2150E333-8FDC-42A3-9474-1A3956D46DE8}") = "Domain", "Domain", "{B41D5C4E-C4A3-4F0B-8266-E3D6613F63FE}"
EndProject
Project("{2150E333-8FDC-42A3-9474-1A3956D46DE8}") = "Services", "Services", "{3F5B6FF0-8322-484E-A8F4-4E34DD46AF71}"
EndProject
Project("{2150E333-8FDC-42A3-9474-1A3956D46DE8}") = "Web", "Web", "{944EEDC7-F1F5-42BB-969E-7E58EDFF2381}"
EndProject
Project("{9A19103F-16F7-4668-BE54-9A1E7A4F7556}") = "General.Mvc", "General.Mvc\General.Mvc.csproj", "{43FABEE4-6E58-43AD-959C-1DD35A009488}"
EndProject
Project("{9A19103F-16F7-4668-BE54-9A1E7A4F7556}") = "General.Services", "General.Services\General.Services.csproj", "{956F319A-64EE-42D8-BBE1-892442BB5296}"
EndProject
Project("{9A19103F-16F7-4668-BE54-9A1E7A4F7556}") = "General.Entities", "General.Entities\General.Entities.csproj", "{9F9BB823-19F7-44BB-A3A9-90F8E5EE628C}"
EndProject
Project("{9A19103F-16F7-4668-BE54-9A1E7A4F7556}") = "General.Core", "General.Core\General.Core.csproj", "{32B5948C-C66C-41F2-93CE-EE3C58634F3D}"
EndProject
Project("{9A19103F-16F7-4668-BE54-9A1E7A4F7556}") = "General.Framework", "General.Framework\General.Framework.csproj", "{8F3CEA88-7D14-4D4F-976E-E0006AB4E460}"
EndProject
Global
	GlobalSection(SolutionConfigurationPlatforms) = preSolution
		Debug|Any CPU = Debug|Any CPU
		Release|Any CPU = Release|Any CPU
	EndGlobalSection
	GlobalSection(ProjectConfigurationPlatforms) = postSolution
		{43FABEE4-6E58-43AD-959C-1DD35A009488}.Debug|Any CPU.ActiveCfg = Debug|Any CPU
		{43FABEE4-6E58-43AD-959C-1DD35A009488}.Debug|Any CPU.Build.0 = Debug|Any CPU
		{43FABEE4-6E58-43AD-959C-1DD35A009488}.Release|Any CPU.ActiveCfg = Release|Any CPU
		{43FABEE4-6E58-43AD-959C-1DD35A009488}.Release|Any CPU.Build.0 = Release|Any CPU
		{956F319A-64EE-42D8-BBE1-892442BB5296}.Debug|Any CPU.ActiveCfg = Debug|Any CPU
		{956F319A-64EE-42D8-BBE1-892442BB5296}.Debug|Any CPU.Build.0 = Debug|Any CPU
		{956F319A-64EE-42D8-BBE1-892442BB5296}.Release|Any CPU.ActiveCfg = Release|Any CPU
		{956F319A-64EE-42D8-BBE1-892442BB5296}.Release|Any CPU.Build.0 = Release|Any CPU
		{9F9BB823-19F7-44BB-A3A9-90F8E5EE628C}.Debug|Any CPU.ActiveCfg = Debug|Any CPU
		{9F9BB823-19F7-44BB-A3A9-90F8E5EE628C}.Debug|Any CPU.Build.0 = Debug|Any CPU
		{9F9BB823-19F7-44BB-A3A9-90F8E5EE628C}.Release|Any CPU.ActiveCfg = Release|Any CPU
		{9F9BB823-19F7-44BB-A3A9-90F8E5EE628C}.Release|Any CPU.Build.0 = Release|Any CPU
		{32B5948C-C66C-41F2-93CE-EE3C58634F3D}.Debug|Any CPU.ActiveCfg = Debug|Any CPU
		{32B5948C-C66C-41F2-93CE-EE3C58634F3D}.Debug|Any CPU.Build.0 = Debug|Any CPU
		{32B5948C-C66C-41F2-93CE-EE3C58634F3D}.Release|Any CPU.ActiveCfg = Release|Any CPU
		{32B5948C-C66C-41F2-93CE-EE3C58634F3D}.Release|Any CPU.Build.0 = Release|Any CPU
		{8F3CEA88-7D14-4D4F-976E-E0006AB4E460}.Debug|Any CPU.ActiveCfg = Debug|Any CPU
		{8F3CEA88-7D14-4D4F-976E-E0006AB4E460}.Debug|Any CPU.Build.0 = Debug|Any CPU
		{8F3CEA88-7D14-4D4F-976E-E0006AB4E460}.Release|Any CPU.ActiveCfg = Release|Any CPU
		{8F3CEA88-7D14-4D4F-976E-E0006AB4E460}.Release|Any CPU.Build.0 = Release|Any CPU
	EndGlobalSection
	GlobalSection(SolutionProperties) = preSolution
		HideSolutionNode = FALSE
	EndGlobalSection
	GlobalSection(NestedProjects) = preSolution
		{43FABEE4-6E58-43AD-959C-1DD35A009488} = {944EEDC7-F1F5-42BB-969E-7E58EDFF2381}
		{956F319A-64EE-42D8-BBE1-892442BB5296} = {3F5B6FF0-8322-484E-A8F4-4E34DD46AF71}
		{9F9BB823-19F7-44BB-A3A9-90F8E5EE628C} = {B41D5C4E-C4A3-4F0B-8266-E3D6613F63FE}
		{32B5948C-C66C-41F2-93CE-EE3C58634F3D} = {B111E9AE-AF93-4053-9616-1525DF1333EE}
		{8F3CEA88-7D14-4D4F-976E-E0006AB4E460} = {944EEDC7-F1F5-42BB-969E-7E58EDFF2381}
	EndGlobalSection
	GlobalSection(ExtensibilityGlobals) = postSolution
		SolutionGuid = {29EF85FE-462A-4782-AE21-EE5FB39846F8}
	EndGlobalSection
EndGlobal
